
Microsoft Visual Studio Solution File, Format Version 12.00
# Visual Studio Version 17
VisualStudioVersion = 17.13.35825.156 d17.13
MinimumVisualStudioVersion = 10.0.40219.1
Project("{FAE04EC0-301F-11D3-BF4B-00C04F79EFBC}") = "EmployeeManagement", "EmployeeManagement\EmployeeManagement.csproj", "{A7C27854-0840-4966-8239-A756F04756EB}"
EndProject
Global
	GlobalSection(SolutionConfigurationPlatforms) = preSolution
		Debug|Any CPU = Debug|Any CPU
		Release|Any CPU = Release|Any CPU
	EndGlobalSection
	GlobalSection(ProjectConfigurationPlatforms) = postSolution
		{A7C27854-0840-4966-8239-A756F04756EB}.Debug|Any CPU.ActiveCfg = Debug|Any CPU
		{A7C27854-0840-4966-8239-A756F04756EB}.Debug|Any CPU.Build.0 = Debug|Any CPU
		{A7C27854-0840-4966-8239-A756F04756EB}.Release|Any CPU.ActiveCfg = Release|Any CPU
		{A7C27854-0840-4966-8239-A756F04756EB}.Release|Any CPU.Build.0 = Release|Any CPU
	EndGlobalSection
	GlobalSection(SolutionProperties) = preSolution
		HideSolutionNode = FALSE
	EndGlobalSection
	GlobalSection(ExtensibilityGlobals) = postSolution
		SolutionGuid = {66F6550F-284F-411B-984A-4C539D122F6E}
	EndGlobalSection
EndGlobal
